
Microsoft Visual Studio Solution File, Format Version 12.00
# Visual Studio Version 17
VisualStudioVersion = 17.11.35327.3
MinimumVisualStudioVersion = 10.0.40219.1
Project("{9A19103F-16F7-4668-BE54-9A1E7A4F7556}") = "Automasipp", "Automasipp\Automasipp.csproj", "{E84979FB-65F5-430E-9D2E-6EDFB3789543}"
EndProject
Project("{9A19103F-16F7-4668-BE54-9A1E7A4F7556}") = "Automasipp.Models", "Automasipp.Models\Automasipp.Models.csproj", "{60B69D77-3A4E-4E32-BDC6-7C55FE0905B9}"
EndProject
Project("{9A19103F-16F7-4668-BE54-9A1E7A4F7556}") = "ResultTypeLib", "..\ResultTypeLib\ResultTypeLib\ResultTypeLib.csproj", "{5B5856BF-3012-49AE-8B39-EC50D0385313}"
EndProject
Project("{2150E333-8FDC-42A3-9474-1A3956D46DE8}") = "Dependencies", "Dependencies", "{DD9A1E37-4F3A-45F9-A5C0-ACCE7747DB23}"
EndProject
Project("{2150E333-8FDC-42A3-9474-1A3956D46DE8}") = "UnitTests", "UnitTests", "{E9874F78-87FD-40F3-8950-0CD138009D7B}"
EndProject
Project("{9A19103F-16F7-4668-BE54-9A1E7A4F7556}") = "Automasipp.Backend.UnitTests", "Automasipp.Backend.UnitTests\Automasipp.Backend.UnitTests.csproj", "{697DA28C-ECA0-4A52-8B10-701145C20BA0}"
EndProject
Project("{9A19103F-16F7-4668-BE54-9A1E7A4F7556}") = "Automasipp.Backend", "Automasipp.Backend\Automasipp.Backend.csproj", "{1F6F76A3-86FF-413B-994C-CCDA04D5CD2F}"
EndProject
Global
	GlobalSection(SolutionConfigurationPlatforms) = preSolution
		Debug|Any CPU = Debug|Any CPU
		Release|Any CPU = Release|Any CPU
	EndGlobalSection
	GlobalSection(ProjectConfigurationPlatforms) = postSolution
		{E84979FB-65F5-430E-9D2E-6EDFB3789543}.Debug|Any CPU.ActiveCfg = Debug|Any CPU
		{E84979FB-65F5-430E-9D2E-6EDFB3789543}.Debug|Any CPU.Build.0 = Debug|Any CPU
		{E84979FB-65F5-430E-9D2E-6EDFB3789543}.Release|Any CPU.ActiveCfg = Release|Any CPU
		{E84979FB-65F5-430E-9D2E-6EDFB3789543}.Release|Any CPU.Build.0 = Release|Any CPU
		{60B69D77-3A4E-4E32-BDC6-7C55FE0905B9}.Debug|Any CPU.ActiveCfg = Debug|Any CPU
		{60B69D77-3A4E-4E32-BDC6-7C55FE0905B9}.Debug|Any CPU.Build.0 = Debug|Any CPU
		{60B69D77-3A4E-4E32-BDC6-7C55FE0905B9}.Release|Any CPU.ActiveCfg = Release|Any CPU
		{60B69D77-3A4E-4E32-BDC6-7C55FE0905B9}.Release|Any CPU.Build.0 = Release|Any CPU
		{5B5856BF-3012-49AE-8B39-EC50D0385313}.Debug|Any CPU.ActiveCfg = Debug|Any CPU
		{5B5856BF-3012-49AE-8B39-EC50D0385313}.Debug|Any CPU.Build.0 = Debug|Any CPU
		{5B5856BF-3012-49AE-8B39-EC50D0385313}.Release|Any CPU.ActiveCfg = Release|Any CPU
		{5B5856BF-3012-49AE-8B39-EC50D0385313}.Release|Any CPU.Build.0 = Release|Any CPU
		{697DA28C-ECA0-4A52-8B10-701145C20BA0}.Debug|Any CPU.ActiveCfg = Debug|Any CPU
		{697DA28C-ECA0-4A52-8B10-701145C20BA0}.Debug|Any CPU.Build.0 = Debug|Any CPU
		{697DA28C-ECA0-4A52-8B10-701145C20BA0}.Release|Any CPU.ActiveCfg = Release|Any CPU
		{697DA28C-ECA0-4A52-8B10-701145C20BA0}.Release|Any CPU.Build.0 = Release|Any CPU
		{1F6F76A3-86FF-413B-994C-CCDA04D5CD2F}.Debug|Any CPU.ActiveCfg = Debug|Any CPU
		{1F6F76A3-86FF-413B-994C-CCDA04D5CD2F}.Debug|Any CPU.Build.0 = Debug|Any CPU
		{1F6F76A3-86FF-413B-994C-CCDA04D5CD2F}.Release|Any CPU.ActiveCfg = Release|Any CPU
		{1F6F76A3-86FF-413B-994C-CCDA04D5CD2F}.Release|Any CPU.Build.0 = Release|Any CPU
	EndGlobalSection
	GlobalSection(SolutionProperties) = preSolution
		HideSolutionNode = FALSE
	EndGlobalSection
	GlobalSection(NestedProjects) = preSolution
		{5B5856BF-3012-49AE-8B39-EC50D0385313} = {DD9A1E37-4F3A-45F9-A5C0-ACCE7747DB23}
		{697DA28C-ECA0-4A52-8B10-701145C20BA0} = {E9874F78-87FD-40F3-8950-0CD138009D7B}
	EndGlobalSection
	GlobalSection(ExtensibilityGlobals) = postSolution
		SolutionGuid = {FCF538CE-A9DB-408F-B242-1C0606C5C35B}
	EndGlobalSection
EndGlobal
